
Microsoft Visual Studio Solution File, Format Version 12.00
# Visual Studio Version 16
VisualStudioVersion = 16.0.30907.101
MinimumVisualStudioVersion = 10.0.40219.1
Project("{FAE04EC0-301F-11D3-BF4B-00C04F79EFBC}") = "GameProject", "GameProject\GameProject.csproj", "{E3DFDE95-62DC-4847-A75C-B71CDF7A4588}"
EndProject
Global
	GlobalSection(SolutionConfigurationPlatforms) = preSolution
		Debug|Any CPU = Debug|Any CPU
		Release|Any CPU = Release|Any CPU
	EndGlobalSection
	GlobalSection(ProjectConfigurationPlatforms) = postSolution
		{E3DFDE95-62DC-4847-A75C-B71CDF7A4588}.Debug|Any CPU.ActiveCfg = Debug|Any CPU
		{E3DFDE95-62DC-4847-A75C-B71CDF7A4588}.Debug|Any CPU.Build.0 = Debug|Any CPU
		{E3DFDE95-62DC-4847-A75C-B71CDF7A4588}.Release|Any CPU.ActiveCfg = Release|Any CPU
		{E3DFDE95-62DC-4847-A75C-B71CDF7A4588}.Release|Any CPU.Build.0 = Release|Any CPU
	EndGlobalSection
	GlobalSection(SolutionProperties) = preSolution
		HideSolutionNode = FALSE
	EndGlobalSection
	GlobalSection(ExtensibilityGlobals) = postSolution
		SolutionGuid = {22FE39B0-E55F-48A0-B206-81C2C9D08C2D}
	EndGlobalSection
EndGlobal
